
Microsoft Visual Studio Solution File, Format Version 12.00
# Visual Studio 15
VisualStudioVersion = 15.0.28307.2092
MinimumVisualStudioVersion = 10.0.40219.1
Project("{FAE04EC0-301F-11D3-BF4B-00C04F79EFBC}") = "rentacar", "rentacar\rentacar.csproj", "{307C6C07-5318-4139-8ACE-A43BC1D9A5C0}"
EndProject
Global
	GlobalSection(SolutionConfigurationPlatforms) = preSolution
		Debug|Any CPU = Debug|Any CPU
		Release|Any CPU = Release|Any CPU
	EndGlobalSection
	GlobalSection(ProjectConfigurationPlatforms) = postSolution
		{307C6C07-5318-4139-8ACE-A43BC1D9A5C0}.Debug|Any CPU.ActiveCfg = Debug|Any CPU
		{307C6C07-5318-4139-8ACE-A43BC1D9A5C0}.Debug|Any CPU.Build.0 = Debug|Any CPU
		{307C6C07-5318-4139-8ACE-A43BC1D9A5C0}.Release|Any CPU.ActiveCfg = Release|Any CPU
		{307C6C07-5318-4139-8ACE-A43BC1D9A5C0}.Release|Any CPU.Build.0 = Release|Any CPU
	EndGlobalSection
	GlobalSection(SolutionProperties) = preSolution
		HideSolutionNode = FALSE
	EndGlobalSection
	GlobalSection(ExtensibilityGlobals) = postSolution
		SolutionGuid = {2B85256D-2BE9-4331-9909-A338B471E18A}
	EndGlobalSection
EndGlobal
